
Microsoft Visual Studio Solution File, Format Version 12.00
# Visual Studio 14
VisualStudioVersion = 14.0.25420.1
MinimumVisualStudioVersion = 10.0.40219.1
Project("{FAE04EC0-301F-11D3-BF4B-00C04F79EFBC}") = "Board", "Board\Board.csproj", "{28E8C63E-D82B-408D-A62D-D7BBD5EEF100}"
EndProject
Project("{FAE04EC0-301F-11D3-BF4B-00C04F79EFBC}") = "Client", "Client\Client.csproj", "{2736C382-C58E-4EC4-9E1B-20A418098EF0}"
EndProject
Project("{FAE04EC0-301F-11D3-BF4B-00C04F79EFBC}") = "Player", "Player\Player.csproj", "{85DF5A0C-A50E-42AE-B3F5-D00D761F9FAF}"
EndProject
Project("{FAE04EC0-301F-11D3-BF4B-00C04F79EFBC}") = "Pieces", "Pieces\Pieces.csproj", "{8378DAD6-D9F4-42D0-8A65-4567EA29B43C}"
EndProject
Project("{FAE04EC0-301F-11D3-BF4B-00C04F79EFBC}") = "StrategoBoardBothPlayers", "GUI\StrategoBoardBothPlayers.csproj", "{62F5B3BB-21ED-4AF8-9B9F-FDF624E395A4}"
EndProject
Global
	GlobalSection(SolutionConfigurationPlatforms) = preSolution
		Debug|Any CPU = Debug|Any CPU
		Release|Any CPU = Release|Any CPU
	EndGlobalSection
	GlobalSection(ProjectConfigurationPlatforms) = postSolution
		{28E8C63E-D82B-408D-A62D-D7BBD5EEF100}.Debug|Any CPU.ActiveCfg = Debug|Any CPU
		{28E8C63E-D82B-408D-A62D-D7BBD5EEF100}.Debug|Any CPU.Build.0 = Debug|Any CPU
		{28E8C63E-D82B-408D-A62D-D7BBD5EEF100}.Release|Any CPU.ActiveCfg = Release|Any CPU
		{28E8C63E-D82B-408D-A62D-D7BBD5EEF100}.Release|Any CPU.Build.0 = Release|Any CPU
		{2736C382-C58E-4EC4-9E1B-20A418098EF0}.Debug|Any CPU.ActiveCfg = Debug|Any CPU
		{2736C382-C58E-4EC4-9E1B-20A418098EF0}.Debug|Any CPU.Build.0 = Debug|Any CPU
		{2736C382-C58E-4EC4-9E1B-20A418098EF0}.Release|Any CPU.ActiveCfg = Release|Any CPU
		{2736C382-C58E-4EC4-9E1B-20A418098EF0}.Release|Any CPU.Build.0 = Release|Any CPU
		{85DF5A0C-A50E-42AE-B3F5-D00D761F9FAF}.Debug|Any CPU.ActiveCfg = Debug|Any CPU
		{85DF5A0C-A50E-42AE-B3F5-D00D761F9FAF}.Debug|Any CPU.Build.0 = Debug|Any CPU
		{85DF5A0C-A50E-42AE-B3F5-D00D761F9FAF}.Release|Any CPU.ActiveCfg = Release|Any CPU
		{85DF5A0C-A50E-42AE-B3F5-D00D761F9FAF}.Release|Any CPU.Build.0 = Release|Any CPU
		{8378DAD6-D9F4-42D0-8A65-4567EA29B43C}.Debug|Any CPU.ActiveCfg = Debug|Any CPU
		{8378DAD6-D9F4-42D0-8A65-4567EA29B43C}.Debug|Any CPU.Build.0 = Debug|Any CPU
		{8378DAD6-D9F4-42D0-8A65-4567EA29B43C}.Release|Any CPU.ActiveCfg = Release|Any CPU
		{8378DAD6-D9F4-42D0-8A65-4567EA29B43C}.Release|Any CPU.Build.0 = Release|Any CPU
		{62F5B3BB-21ED-4AF8-9B9F-FDF624E395A4}.Debug|Any CPU.ActiveCfg = Debug|Any CPU
		{62F5B3BB-21ED-4AF8-9B9F-FDF624E395A4}.Debug|Any CPU.Build.0 = Debug|Any CPU
		{62F5B3BB-21ED-4AF8-9B9F-FDF624E395A4}.Release|Any CPU.ActiveCfg = Release|Any CPU
		{62F5B3BB-21ED-4AF8-9B9F-FDF624E395A4}.Release|Any CPU.Build.0 = Release|Any CPU
	EndGlobalSection
	GlobalSection(SolutionProperties) = preSolution
		HideSolutionNode = FALSE
	EndGlobalSection
EndGlobal
